
Microsoft Visual Studio Solution File, Format Version 12.00
# Visual Studio 15
VisualStudioVersion = 15.0.28307.106
MinimumVisualStudioVersion = 10.0.40219.1
Project("{FAE04EC0-301F-11D3-BF4B-00C04F79EFBC}") = "BatchTransfer", "BatchTransfer\BatchTransfer.csproj", "{291F5312-5173-486D-897C-11048048BBF3}"
EndProject
Project("{FAE04EC0-301F-11D3-BF4B-00C04F79EFBC}") = "AssetsHelper.DBHelper", "AssetsHelper.DBHelper\AssetsHelper.DBHelper.csproj", "{08ED639E-14BA-4971-B618-1AE95082E900}"
EndProject
Project("{FAE04EC0-301F-11D3-BF4B-00C04F79EFBC}") = "AssetsHelper.IDBHelper", "AssetsHelper.IDBHelper\AssetsHelper.IDBHelper.csproj", "{ADAFB8C5-97A8-42BD-8B04-CC23D47F2DC3}"
EndProject
Project("{FAE04EC0-301F-11D3-BF4B-00C04F79EFBC}") = "AssetsHelper.Models", "AssetsHelper.Models\AssetsHelper.Models.csproj", "{40F24E94-7104-432D-84F5-73D870767C9A}"
EndProject
Global
	GlobalSection(SolutionConfigurationPlatforms) = preSolution
		Debug|Any CPU = Debug|Any CPU
		Release|Any CPU = Release|Any CPU
	EndGlobalSection
	GlobalSection(ProjectConfigurationPlatforms) = postSolution
		{291F5312-5173-486D-897C-11048048BBF3}.Debug|Any CPU.ActiveCfg = Debug|Any CPU
		{291F5312-5173-486D-897C-11048048BBF3}.Debug|Any CPU.Build.0 = Debug|Any CPU
		{291F5312-5173-486D-897C-11048048BBF3}.Release|Any CPU.ActiveCfg = Release|Any CPU
		{291F5312-5173-486D-897C-11048048BBF3}.Release|Any CPU.Build.0 = Release|Any CPU
		{08ED639E-14BA-4971-B618-1AE95082E900}.Debug|Any CPU.ActiveCfg = Debug|Any CPU
		{08ED639E-14BA-4971-B618-1AE95082E900}.Debug|Any CPU.Build.0 = Debug|Any CPU
		{08ED639E-14BA-4971-B618-1AE95082E900}.Release|Any CPU.ActiveCfg = Release|Any CPU
		{08ED639E-14BA-4971-B618-1AE95082E900}.Release|Any CPU.Build.0 = Release|Any CPU
		{ADAFB8C5-97A8-42BD-8B04-CC23D47F2DC3}.Debug|Any CPU.ActiveCfg = Debug|Any CPU
		{ADAFB8C5-97A8-42BD-8B04-CC23D47F2DC3}.Debug|Any CPU.Build.0 = Debug|Any CPU
		{ADAFB8C5-97A8-42BD-8B04-CC23D47F2DC3}.Release|Any CPU.ActiveCfg = Release|Any CPU
		{ADAFB8C5-97A8-42BD-8B04-CC23D47F2DC3}.Release|Any CPU.Build.0 = Release|Any CPU
		{40F24E94-7104-432D-84F5-73D870767C9A}.Debug|Any CPU.ActiveCfg = Debug|Any CPU
		{40F24E94-7104-432D-84F5-73D870767C9A}.Debug|Any CPU.Build.0 = Debug|Any CPU
		{40F24E94-7104-432D-84F5-73D870767C9A}.Release|Any CPU.ActiveCfg = Release|Any CPU
		{40F24E94-7104-432D-84F5-73D870767C9A}.Release|Any CPU.Build.0 = Release|Any CPU
	EndGlobalSection
	GlobalSection(SolutionProperties) = preSolution
		HideSolutionNode = FALSE
	EndGlobalSection
	GlobalSection(ExtensibilityGlobals) = postSolution
		SolutionGuid = {E62D3584-8E28-4B1B-A875-0BCB60278FFE}
	EndGlobalSection
EndGlobal
